// !$*UTF8*$!
{
	archiveVersion = 1;
	classes = {
	};
	objectVersion = 50;
	objects = {

/* Begin PBXBuildFile section */
		6682F00326EF363F008264AF /* HomeViewController.swift in Sources */ = {isa = PBXBuildFile; fileRef = 6682F00226EF363F008264AF /* HomeViewController.swift */; };
		6682F00626EF363F008264AF /* Main.storyboard in Resources */ = {isa = PBXBuildFile; fileRef = 6682F00426EF363F008264AF /* Main.storyboard */; };
		6682F00B26EF3644008264AF /* Assets.xcassets in Resources */ = {isa = PBXBuildFile; fileRef = 6682F00A26EF3644008264AF /* Assets.xcassets */; };
		6682F00E26EF3644008264AF /* LaunchScreen.storyboard in Resources */ = {isa = PBXBuildFile; fileRef = 6682F00C26EF3644008264AF /* LaunchScreen.storyboard */; };
		6682F02526EF4B00008264AF /* SceneDelegate.swift in Sources */ = {isa = PBXBuildFile; fileRef = 6682F02326EF4B00008264AF /* SceneDelegate.swift */; };
		6682F02626EF4B00008264AF /* AppDelegate.swift in Sources */ = {isa = PBXBuildFile; fileRef = 6682F02426EF4B00008264AF /* AppDelegate.swift */; };
		6682F05326F03670008264AF /* FavoriteViewController.swift in Sources */ = {isa = PBXBuildFile; fileRef = 6682F05226F03670008264AF /* FavoriteViewController.swift */; };
		6682F06726F04CF3008264AF /* Recipe.swift in Sources */ = {isa = PBXBuildFile; fileRef = 6682F06426F04CF3008264AF /* Recipe.swift */; };
		6682F06826F04CF3008264AF /* Nutrient.swift in Sources */ = {isa = PBXBuildFile; fileRef = 6682F06526F04CF3008264AF /* Nutrient.swift */; };
		6682F06926F04CF3008264AF /* RecipeResponse.swift in Sources */ = {isa = PBXBuildFile; fileRef = 6682F06626F04CF3008264AF /* RecipeResponse.swift */; };
		66EFEA4927070C6B00954CA9 /* CoreDataManager.swift in Sources */ = {isa = PBXBuildFile; fileRef = 66EFEA4827070C6B00954CA9 /* CoreDataManager.swift */; };
		66EFEA5D270A8DC900954CA9 /* RecipeSearch.xcdatamodeld in Sources */ = {isa = PBXBuildFile; fileRef = 66EFEA5B270A8DC900954CA9 /* RecipeSearch.xcdatamodeld */; };
		66EFEA6A270A961600954CA9 /* UIViewController+.swift in Sources */ = {isa = PBXBuildFile; fileRef = 66EFEA69270A961600954CA9 /* UIViewController+.swift */; };
		66F32FDD26F85CBE00AE9E6F /* APIFetcher.swift in Sources */ = {isa = PBXBuildFile; fileRef = 66F32FDC26F85CBE00AE9E6F /* APIFetcher.swift */; };
		66F32FE126F85CE000AE9E6F /* APIRequestProtocol.swift in Sources */ = {isa = PBXBuildFile; fileRef = 66F32FE026F85CE000AE9E6F /* APIRequestProtocol.swift */; };
		66F32FF226F880E500AE9E6F /* LargeRecipeCollectionViewCell.swift in Sources */ = {isa = PBXBuildFile; fileRef = 66F32FEE26F880E500AE9E6F /* LargeRecipeCollectionViewCell.swift */; };
		66F32FF326F880E500AE9E6F /* LargeRecipeCollectionViewCell.xib in Resources */ = {isa = PBXBuildFile; fileRef = 66F32FEF26F880E500AE9E6F /* LargeRecipeCollectionViewCell.xib */; };
		66F32FF426F880E500AE9E6F /* RecipeCollectionViewCell.xib in Resources */ = {isa = PBXBuildFile; fileRef = 66F32FF026F880E500AE9E6F /* RecipeCollectionViewCell.xib */; };
		66F32FF526F880E500AE9E6F /* RecipeCollectionViewCell.swift in Sources */ = {isa = PBXBuildFile; fileRef = 66F32FF126F880E500AE9E6F /* RecipeCollectionViewCell.swift */; };
		66F32FFD26F8875D00AE9E6F /* HomeScreenReusableHeader.swift in Sources */ = {isa = PBXBuildFile; fileRef = 66F32FF926F8875D00AE9E6F /* HomeScreenReusableHeader.swift */; };
		66F32FFF26F8875D00AE9E6F /* HomeScreenReusableHeader.xib in Resources */ = {isa = PBXBuildFile; fileRef = 66F32FFB26F8875D00AE9E6F /* HomeScreenReusableHeader.xib */; };
		66F3300426F9762700AE9E6F /* UISearchBar+.swift in Sources */ = {isa = PBXBuildFile; fileRef = 66F3300326F9762700AE9E6F /* UISearchBar+.swift */; };
		66F3300A26F977DC00AE9E6F /* PinkSearchBar.swift in Sources */ = {isa = PBXBuildFile; fileRef = 66F3300926F977DC00AE9E6F /* PinkSearchBar.swift */; };
		66F3300E26F984FE00AE9E6F /* ReusableViewProtocol.swift in Sources */ = {isa = PBXBuildFile; fileRef = 66F3300D26F984FE00AE9E6F /* ReusableViewProtocol.swift */; };
		66F3301226F9922400AE9E6F /* UICollectionView+.swift in Sources */ = {isa = PBXBuildFile; fileRef = 66F3301126F9922400AE9E6F /* UICollectionView+.swift */; };
		66F3301A26F9DAFE00AE9E6F /* ImageRequest.swift in Sources */ = {isa = PBXBuildFile; fileRef = 66F3301826F9DAFD00AE9E6F /* ImageRequest.swift */; };
		66F3301B26F9DAFE00AE9E6F /* RecipeRequest.swift in Sources */ = {isa = PBXBuildFile; fileRef = 66F3301926F9DAFE00AE9E6F /* RecipeRequest.swift */; };
		66F3302126F9DB5500AE9E6F /* BaseComponentProvider.swift in Sources */ = {isa = PBXBuildFile; fileRef = 66F3301F26F9DB5500AE9E6F /* BaseComponentProvider.swift */; };
		66F3302426F9DB9500AE9E6F /* Categories.swift in Sources */ = {isa = PBXBuildFile; fileRef = 66F3302326F9DB9500AE9E6F /* Categories.swift */; };
		66F3302C26FA006F00AE9E6F /* HomeScreenSection.swift in Sources */ = {isa = PBXBuildFile; fileRef = 66F3302B26FA006F00AE9E6F /* HomeScreenSection.swift */; };
		66F3302F26FA208F00AE9E6F /* RecipeConfigurableCell+Protocol.swift in Sources */ = {isa = PBXBuildFile; fileRef = 66F3302E26FA208F00AE9E6F /* RecipeConfigurableCell+Protocol.swift */; };
		66F3307326FCDDE700AE9E6F /* UIImage+.swift in Sources */ = {isa = PBXBuildFile; fileRef = 66F3307226FCDDE700AE9E6F /* UIImage+.swift */; };
		66F3307626FCDE1500AE9E6F /* UIImageLoader.swift in Sources */ = {isa = PBXBuildFile; fileRef = 66F3307526FCDE1500AE9E6F /* UIImageLoader.swift */; };
		66F3307C26FD5F3A00AE9E6F /* RecipeDetailViewController.swift in Sources */ = {isa = PBXBuildFile; fileRef = 66F3307B26FD5F3A00AE9E6F /* RecipeDetailViewController.swift */; };
		66F3307F26FD64FE00AE9E6F /* SearchViewController.swift in Sources */ = {isa = PBXBuildFile; fileRef = 66F3307E26FD64FE00AE9E6F /* SearchViewController.swift */; };
		66F3308326FD6BF400AE9E6F /* HomeScreenReusableHeaderDelegate.swift in Sources */ = {isa = PBXBuildFile; fileRef = 66F3308226FD6BF400AE9E6F /* HomeScreenReusableHeaderDelegate.swift */; };
		66F3308626FD6F7E00AE9E6F /* ResultViewController.swift in Sources */ = {isa = PBXBuildFile; fileRef = 66F3308526FD6F7E00AE9E6F /* ResultViewController.swift */; };
		66F3308A26FDB95600AE9E6F /* UIScrollView+.swift in Sources */ = {isa = PBXBuildFile; fileRef = 66F3308926FDB95500AE9E6F /* UIScrollView+.swift */; };
		66F3309426FE143E00AE9E6F /* LoadingReusableFooter.swift in Sources */ = {isa = PBXBuildFile; fileRef = 66F3309226FE143E00AE9E6F /* LoadingReusableFooter.swift */; };
		66F3309526FE143E00AE9E6F /* LoadingReusableFooter.xib in Resources */ = {isa = PBXBuildFile; fileRef = 66F3309326FE143E00AE9E6F /* LoadingReusableFooter.xib */; };
		66F330AE2700C33E00AE9E6F /* UIColor+.swift in Sources */ = {isa = PBXBuildFile; fileRef = 66F330AD2700C33E00AE9E6F /* UIColor+.swift */; };
		66F330B627016D2F00AE9E6F /* SelectedFilterCollectionViewCell.swift in Sources */ = {isa = PBXBuildFile; fileRef = 66F330B227016D2F00AE9E6F /* SelectedFilterCollectionViewCell.swift */; };
		66F330B727016D2F00AE9E6F /* SelectedFilterCollectionViewCell.xib in Resources */ = {isa = PBXBuildFile; fileRef = 66F330B327016D2F00AE9E6F /* SelectedFilterCollectionViewCell.xib */; };
		66F330B827016D2F00AE9E6F /* FilterCollectionViewCell.xib in Resources */ = {isa = PBXBuildFile; fileRef = 66F330B427016D2F00AE9E6F /* FilterCollectionViewCell.xib */; };
		66F330B927016D2F00AE9E6F /* FilterCollectionViewCell.swift in Sources */ = {isa = PBXBuildFile; fileRef = 66F330B527016D2F00AE9E6F /* FilterCollectionViewCell.swift */; };
		66F330BD27016D3A00AE9E6F /* SearchScreenReusableHeader.xib in Resources */ = {isa = PBXBuildFile; fileRef = 66F330BB27016D3A00AE9E6F /* SearchScreenReusableHeader.xib */; };
		66F330BE27016D3A00AE9E6F /* SearchScreenReusableHeader.swift in Sources */ = {isa = PBXBuildFile; fileRef = 66F330BC27016D3A00AE9E6F /* SearchScreenReusableHeader.swift */; };
		66F330C327016DAD00AE9E6F /* SearchScreenSection.swift in Sources */ = {isa = PBXBuildFile; fileRef = 66F330C227016DAD00AE9E6F /* SearchScreenSection.swift */; };
		66F330C72701A1C700AE9E6F /* SelectedFilterCollectionViewCellDelegate.swift in Sources */ = {isa = PBXBuildFile; fileRef = 66F330C62701A1C600AE9E6F /* SelectedFilterCollectionViewCellDelegate.swift */; };
		66F330F7270348C100AE9E6F /* IngredientSectionReusableHeader.swift in Sources */ = {isa = PBXBuildFile; fileRef = 66F330F5270348C100AE9E6F /* IngredientSectionReusableHeader.swift */; };
		66F330F8270348C100AE9E6F /* IngredientSectionReusableHeader.xib in Resources */ = {isa = PBXBuildFile; fileRef = 66F330F6270348C100AE9E6F /* IngredientSectionReusableHeader.xib */; };
		66F3310727036D7200AE9E6F /* RecipeDetailCollectionViewCell.swift in Sources */ = {isa = PBXBuildFile; fileRef = 66F3310527036D7200AE9E6F /* RecipeDetailCollectionViewCell.swift */; };
		66F3310827036D7300AE9E6F /* RecipeDetailCollectionViewCell.xib in Resources */ = {isa = PBXBuildFile; fileRef = 66F3310627036D7200AE9E6F /* RecipeDetailCollectionViewCell.xib */; };
		66F3310C270374A600AE9E6F /* NutrientSectionReusableHeader.swift in Sources */ = {isa = PBXBuildFile; fileRef = 66F3310A270374A500AE9E6F /* NutrientSectionReusableHeader.swift */; };
		66F3310D270374A600AE9E6F /* NutrientSectionReusableHeader.xib in Resources */ = {isa = PBXBuildFile; fileRef = 66F3310B270374A500AE9E6F /* NutrientSectionReusableHeader.xib */; };
/* End PBXBuildFile section */

/* Begin PBXFileReference section */
		6682EFFB26EF363F008264AF /* Recipe Search.app */ = {isa = PBXFileReference; explicitFileType = wrapper.application; includeInIndex = 0; path = "Recipe Search.app"; sourceTree = BUILT_PRODUCTS_DIR; };
		6682F00226EF363F008264AF /* HomeViewController.swift */ = {isa = PBXFileReference; lastKnownFileType = sourcecode.swift; path = HomeViewController.swift; sourceTree = "<group>"; };
		6682F00526EF363F008264AF /* Base */ = {isa = PBXFileReference; lastKnownFileType = file.storyboard; name = Base; path = Base.lproj/Main.storyboard; sourceTree = "<group>"; };
		6682F00A26EF3644008264AF /* Assets.xcassets */ = {isa = PBXFileReference; lastKnownFileType = folder.assetcatalog; path = Assets.xcassets; sourceTree = "<group>"; };
		6682F00D26EF3644008264AF /* Base */ = {isa = PBXFileReference; lastKnownFileType = file.storyboard; name = Base; path = Base.lproj/LaunchScreen.storyboard; sourceTree = "<group>"; };
		6682F00F26EF3644008264AF /* Info.plist */ = {isa = PBXFileReference; lastKnownFileType = text.plist.xml; path = Info.plist; sourceTree = "<group>"; };
		6682F02326EF4B00008264AF /* SceneDelegate.swift */ = {isa = PBXFileReference; fileEncoding = 4; lastKnownFileType = sourcecode.swift; path = SceneDelegate.swift; sourceTree = "<group>"; };
		6682F02426EF4B00008264AF /* AppDelegate.swift */ = {isa = PBXFileReference; fileEncoding = 4; lastKnownFileType = sourcecode.swift; path = AppDelegate.swift; sourceTree = "<group>"; };
		6682F05226F03670008264AF /* FavoriteViewController.swift */ = {isa = PBXFileReference; lastKnownFileType = sourcecode.swift; path = FavoriteViewController.swift; sourceTree = "<group>"; };
		6682F06426F04CF3008264AF /* Recipe.swift */ = {isa = PBXFileReference; fileEncoding = 4; lastKnownFileType = sourcecode.swift; path = Recipe.swift; sourceTree = "<group>"; };
		6682F06526F04CF3008264AF /* Nutrient.swift */ = {isa = PBXFileReference; fileEncoding = 4; lastKnownFileType = sourcecode.swift; path = Nutrient.swift; sourceTree = "<group>"; };
		6682F06626F04CF3008264AF /* RecipeResponse.swift */ = {isa = PBXFileReference; fileEncoding = 4; lastKnownFileType = sourcecode.swift; path = RecipeResponse.swift; sourceTree = "<group>"; };
		66EFEA4827070C6B00954CA9 /* CoreDataManager.swift */ = {isa = PBXFileReference; fileEncoding = 4; lastKnownFileType = sourcecode.swift; path = CoreDataManager.swift; sourceTree = "<group>"; };
		66EFEA5C270A8DC900954CA9 /* RecipeSearch.xcdatamodel */ = {isa = PBXFileReference; lastKnownFileType = wrapper.xcdatamodel; path = RecipeSearch.xcdatamodel; sourceTree = "<group>"; };
		66EFEA69270A961600954CA9 /* UIViewController+.swift */ = {isa = PBXFileReference; fileEncoding = 4; lastKnownFileType = sourcecode.swift; path = "UIViewController+.swift"; sourceTree = "<group>"; };
		66F32FDC26F85CBE00AE9E6F /* APIFetcher.swift */ = {isa = PBXFileReference; lastKnownFileType = sourcecode.swift; path = APIFetcher.swift; sourceTree = "<group>"; };
		66F32FE026F85CE000AE9E6F /* APIRequestProtocol.swift */ = {isa = PBXFileReference; lastKnownFileType = sourcecode.swift; path = APIRequestProtocol.swift; sourceTree = "<group>"; };
		66F32FEE26F880E500AE9E6F /* LargeRecipeCollectionViewCell.swift */ = {isa = PBXFileReference; fileEncoding = 4; lastKnownFileType = sourcecode.swift; path = LargeRecipeCollectionViewCell.swift; sourceTree = "<group>"; };
		66F32FEF26F880E500AE9E6F /* LargeRecipeCollectionViewCell.xib */ = {isa = PBXFileReference; fileEncoding = 4; lastKnownFileType = file.xib; path = LargeRecipeCollectionViewCell.xib; sourceTree = "<group>"; };
		66F32FF026F880E500AE9E6F /* RecipeCollectionViewCell.xib */ = {isa = PBXFileReference; fileEncoding = 4; lastKnownFileType = file.xib; path = RecipeCollectionViewCell.xib; sourceTree = "<group>"; };
		66F32FF126F880E500AE9E6F /* RecipeCollectionViewCell.swift */ = {isa = PBXFileReference; fileEncoding = 4; lastKnownFileType = sourcecode.swift; path = RecipeCollectionViewCell.swift; sourceTree = "<group>"; };
		66F32FF926F8875D00AE9E6F /* HomeScreenReusableHeader.swift */ = {isa = PBXFileReference; fileEncoding = 4; lastKnownFileType = sourcecode.swift; path = HomeScreenReusableHeader.swift; sourceTree = "<group>"; };
		66F32FFB26F8875D00AE9E6F /* HomeScreenReusableHeader.xib */ = {isa = PBXFileReference; fileEncoding = 4; lastKnownFileType = file.xib; path = HomeScreenReusableHeader.xib; sourceTree = "<group>"; };
		66F3300326F9762700AE9E6F /* UISearchBar+.swift */ = {isa = PBXFileReference; lastKnownFileType = sourcecode.swift; path = "UISearchBar+.swift"; sourceTree = "<group>"; };
		66F3300926F977DC00AE9E6F /* PinkSearchBar.swift */ = {isa = PBXFileReference; fileEncoding = 4; lastKnownFileType = sourcecode.swift; path = PinkSearchBar.swift; sourceTree = "<group>"; };
		66F3300D26F984FE00AE9E6F /* ReusableViewProtocol.swift */ = {isa = PBXFileReference; lastKnownFileType = sourcecode.swift; path = ReusableViewProtocol.swift; sourceTree = "<group>"; };
		66F3301126F9922400AE9E6F /* UICollectionView+.swift */ = {isa = PBXFileReference; lastKnownFileType = sourcecode.swift; path = "UICollectionView+.swift"; sourceTree = "<group>"; };
		66F3301826F9DAFD00AE9E6F /* ImageRequest.swift */ = {isa = PBXFileReference; fileEncoding = 4; lastKnownFileType = sourcecode.swift; path = ImageRequest.swift; sourceTree = "<group>"; };
		66F3301926F9DAFE00AE9E6F /* RecipeRequest.swift */ = {isa = PBXFileReference; fileEncoding = 4; lastKnownFileType = sourcecode.swift; path = RecipeRequest.swift; sourceTree = "<group>"; };
		66F3301F26F9DB5500AE9E6F /* BaseComponentProvider.swift */ = {isa = PBXFileReference; fileEncoding = 4; lastKnownFileType = sourcecode.swift; path = BaseComponentProvider.swift; sourceTree = "<group>"; };
		66F3302326F9DB9500AE9E6F /* Categories.swift */ = {isa = PBXFileReference; fileEncoding = 4; lastKnownFileType = sourcecode.swift; path = Categories.swift; sourceTree = "<group>"; };
		66F3302B26FA006F00AE9E6F /* HomeScreenSection.swift */ = {isa = PBXFileReference; lastKnownFileType = sourcecode.swift; path = HomeScreenSection.swift; sourceTree = "<group>"; };
		66F3302E26FA208F00AE9E6F /* RecipeConfigurableCell+Protocol.swift */ = {isa = PBXFileReference; lastKnownFileType = sourcecode.swift; path = "RecipeConfigurableCell+Protocol.swift"; sourceTree = "<group>"; };
		66F3303226FC194700AE9E6F /* APIConfig.xcconfig */ = {isa = PBXFileReference; lastKnownFileType = text.xcconfig; path = APIConfig.xcconfig; sourceTree = "<group>"; };
		66F3307226FCDDE700AE9E6F /* UIImage+.swift */ = {isa = PBXFileReference; fileEncoding = 4; lastKnownFileType = sourcecode.swift; path = "UIImage+.swift"; sourceTree = "<group>"; };
		66F3307526FCDE1500AE9E6F /* UIImageLoader.swift */ = {isa = PBXFileReference; fileEncoding = 4; lastKnownFileType = sourcecode.swift; path = UIImageLoader.swift; sourceTree = "<group>"; };
		66F3307B26FD5F3A00AE9E6F /* RecipeDetailViewController.swift */ = {isa = PBXFileReference; lastKnownFileType = sourcecode.swift; path = RecipeDetailViewController.swift; sourceTree = "<group>"; };
		66F3307E26FD64FE00AE9E6F /* SearchViewController.swift */ = {isa = PBXFileReference; lastKnownFileType = sourcecode.swift; path = SearchViewController.swift; sourceTree = "<group>"; };
		66F3308226FD6BF400AE9E6F /* HomeScreenReusableHeaderDelegate.swift */ = {isa = PBXFileReference; lastKnownFileType = sourcecode.swift; path = HomeScreenReusableHeaderDelegate.swift; sourceTree = "<group>"; };
		66F3308526FD6F7E00AE9E6F /* ResultViewController.swift */ = {isa = PBXFileReference; lastKnownFileType = sourcecode.swift; path = ResultViewController.swift; sourceTree = "<group>"; };
		66F3308926FDB95500AE9E6F /* UIScrollView+.swift */ = {isa = PBXFileReference; lastKnownFileType = sourcecode.swift; path = "UIScrollView+.swift"; sourceTree = "<group>"; };
		66F3309226FE143E00AE9E6F /* LoadingReusableFooter.swift */ = {isa = PBXFileReference; lastKnownFileType = sourcecode.swift; path = LoadingReusableFooter.swift; sourceTree = "<group>"; };
		66F3309326FE143E00AE9E6F /* LoadingReusableFooter.xib */ = {isa = PBXFileReference; lastKnownFileType = file.xib; path = LoadingReusableFooter.xib; sourceTree = "<group>"; };
		66F330AD2700C33E00AE9E6F /* UIColor+.swift */ = {isa = PBXFileReference; lastKnownFileType = sourcecode.swift; path = "UIColor+.swift"; sourceTree = "<group>"; };
		66F330B227016D2F00AE9E6F /* SelectedFilterCollectionViewCell.swift */ = {isa = PBXFileReference; fileEncoding = 4; lastKnownFileType = sourcecode.swift; path = SelectedFilterCollectionViewCell.swift; sourceTree = "<group>"; };
		66F330B327016D2F00AE9E6F /* SelectedFilterCollectionViewCell.xib */ = {isa = PBXFileReference; fileEncoding = 4; lastKnownFileType = file.xib; path = SelectedFilterCollectionViewCell.xib; sourceTree = "<group>"; };
		66F330B427016D2F00AE9E6F /* FilterCollectionViewCell.xib */ = {isa = PBXFileReference; fileEncoding = 4; lastKnownFileType = file.xib; path = FilterCollectionViewCell.xib; sourceTree = "<group>"; };
		66F330B527016D2F00AE9E6F /* FilterCollectionViewCell.swift */ = {isa = PBXFileReference; fileEncoding = 4; lastKnownFileType = sourcecode.swift; path = FilterCollectionViewCell.swift; sourceTree = "<group>"; };
		66F330BB27016D3A00AE9E6F /* SearchScreenReusableHeader.xib */ = {isa = PBXFileReference; fileEncoding = 4; lastKnownFileType = file.xib; path = SearchScreenReusableHeader.xib; sourceTree = "<group>"; };
		66F330BC27016D3A00AE9E6F /* SearchScreenReusableHeader.swift */ = {isa = PBXFileReference; fileEncoding = 4; lastKnownFileType = sourcecode.swift; path = SearchScreenReusableHeader.swift; sourceTree = "<group>"; };
		66F330C227016DAD00AE9E6F /* SearchScreenSection.swift */ = {isa = PBXFileReference; fileEncoding = 4; lastKnownFileType = sourcecode.swift; path = SearchScreenSection.swift; sourceTree = "<group>"; };
		66F330C62701A1C600AE9E6F /* SelectedFilterCollectionViewCellDelegate.swift */ = {isa = PBXFileReference; lastKnownFileType = sourcecode.swift; path = SelectedFilterCollectionViewCellDelegate.swift; sourceTree = "<group>"; };
		66F330F5270348C100AE9E6F /* IngredientSectionReusableHeader.swift */ = {isa = PBXFileReference; lastKnownFileType = sourcecode.swift; path = IngredientSectionReusableHeader.swift; sourceTree = "<group>"; };
		66F330F6270348C100AE9E6F /* IngredientSectionReusableHeader.xib */ = {isa = PBXFileReference; lastKnownFileType = file.xib; path = IngredientSectionReusableHeader.xib; sourceTree = "<group>"; };
		66F3310527036D7200AE9E6F /* RecipeDetailCollectionViewCell.swift */ = {isa = PBXFileReference; lastKnownFileType = sourcecode.swift; path = RecipeDetailCollectionViewCell.swift; sourceTree = "<group>"; };
		66F3310627036D7200AE9E6F /* RecipeDetailCollectionViewCell.xib */ = {isa = PBXFileReference; lastKnownFileType = file.xib; path = RecipeDetailCollectionViewCell.xib; sourceTree = "<group>"; };
		66F3310A270374A500AE9E6F /* NutrientSectionReusableHeader.swift */ = {isa = PBXFileReference; lastKnownFileType = sourcecode.swift; path = NutrientSectionReusableHeader.swift; sourceTree = "<group>"; };
		66F3310B270374A500AE9E6F /* NutrientSectionReusableHeader.xib */ = {isa = PBXFileReference; lastKnownFileType = file.xib; path = NutrientSectionReusableHeader.xib; sourceTree = "<group>"; };
/* End PBXFileReference section */

/* Begin PBXFrameworksBuildPhase section */
		6682EFF826EF363F008264AF /* Frameworks */ = {
			isa = PBXFrameworksBuildPhase;
			buildActionMask = 2147483647;
			files = (
			);
			runOnlyForDeploymentPostprocessing = 0;
		};
/* End PBXFrameworksBuildPhase section */

/* Begin PBXGroup section */
		6682EFF226EF363F008264AF = {
			isa = PBXGroup;
			children = (
				66F3303226FC194700AE9E6F /* APIConfig.xcconfig */,
				6682EFFD26EF363F008264AF /* Recipe Search */,
				6682EFFC26EF363F008264AF /* Products */,
			);
			sourceTree = "<group>";
		};
		6682EFFC26EF363F008264AF /* Products */ = {
			isa = PBXGroup;
			children = (
				6682EFFB26EF363F008264AF /* Recipe Search.app */,
			);
			name = Products;
			sourceTree = "<group>";
		};
		6682EFFD26EF363F008264AF /* Recipe Search */ = {
			isa = PBXGroup;
			children = (
				66F3300226F975A500AE9E6F /* Extensions */,
				6682F01E26EF3735008264AF /* App Delegates */,
				6682F01B26EF36F1008264AF /* Supporting FIles */,
				6682F01A26EF36EC008264AF /* Models */,
				6682F01926EF36E7008264AF /* Views */,
				6682F01826EF36D5008264AF /* Controllers */,
			);
			path = "Recipe Search";
			sourceTree = "<group>";
		};
		6682F01826EF36D5008264AF /* Controllers */ = {
			isa = PBXGroup;
			children = (
				6682F00226EF363F008264AF /* HomeViewController.swift */,
				66F3308526FD6F7E00AE9E6F /* ResultViewController.swift */,
				66F3307E26FD64FE00AE9E6F /* SearchViewController.swift */,
				66F3307B26FD5F3A00AE9E6F /* RecipeDetailViewController.swift */,
				6682F05226F03670008264AF /* FavoriteViewController.swift */,
			);
			path = Controllers;
			sourceTree = "<group>";
		};
		6682F01926EF36E7008264AF /* Views */ = {
			isa = PBXGroup;
			children = (
				66F3300C26F984DD00AE9E6F /* Protocols */,
				66F32FF726F8874800AE9E6F /* Headers */,
				66F3309026FE139600AE9E6F /* Footers */,
				66F32FED26F8809200AE9E6F /* Cells */,
				66F3300826F977C000AE9E6F /* Others */,
			);
			path = Views;
			sourceTree = "<group>";
		};
		6682F01A26EF36EC008264AF /* Models */ = {
			isa = PBXGroup;
			children = (
				66F330C127016D9700AE9E6F /* Others */,
				6682F02026EF375C008264AF /* API Services */,
				6682F01F26EF374A008264AF /* Core Data */,
			);
			path = Models;
			sourceTree = "<group>";
		};
		6682F01B26EF36F1008264AF /* Supporting FIles */ = {
			isa = PBXGroup;
			children = (
				6682F00426EF363F008264AF /* Main.storyboard */,
				6682F00A26EF3644008264AF /* Assets.xcassets */,
				6682F00C26EF3644008264AF /* LaunchScreen.storyboard */,
				6682F00F26EF3644008264AF /* Info.plist */,
			);
			path = "Supporting FIles";
			sourceTree = "<group>";
		};
		6682F01E26EF3735008264AF /* App Delegates */ = {
			isa = PBXGroup;
			children = (
				6682F02426EF4B00008264AF /* AppDelegate.swift */,
				6682F02326EF4B00008264AF /* SceneDelegate.swift */,
			);
			path = "App Delegates";
			sourceTree = "<group>";
		};
		6682F01F26EF374A008264AF /* Core Data */ = {
			isa = PBXGroup;
			children = (
				66EFEA5B270A8DC900954CA9 /* RecipeSearch.xcdatamodeld */,
				66EFEA4827070C6B00954CA9 /* CoreDataManager.swift */,
			);
			path = "Core Data";
			sourceTree = "<group>";
		};
		6682F02026EF375C008264AF /* API Services */ = {
			isa = PBXGroup;
			children = (
				66F3301D26F9DB4400AE9E6F /* Others */,
				66F32FDA26F85C7600AE9E6F /* ServiceManager */,
				66F32FD926F85C5A00AE9E6F /* Response */,
				66F32FD826F85C5500AE9E6F /* Request */,
			);
			path = "API Services";
			sourceTree = "<group>";
		};
		66F32FD826F85C5500AE9E6F /* Request */ = {
			isa = PBXGroup;
			children = (
				66F32FE026F85CE000AE9E6F /* APIRequestProtocol.swift */,
				66F3301826F9DAFD00AE9E6F /* ImageRequest.swift */,
				66F3301926F9DAFE00AE9E6F /* RecipeRequest.swift */,
			);
			path = Request;
			sourceTree = "<group>";
		};
		66F32FD926F85C5A00AE9E6F /* Response */ = {
			isa = PBXGroup;
			children = (
				6682F06626F04CF3008264AF /* RecipeResponse.swift */,
				6682F06426F04CF3008264AF /* Recipe.swift */,
				6682F06526F04CF3008264AF /* Nutrient.swift */,
				66F3302326F9DB9500AE9E6F /* Categories.swift */,
			);
			path = Response;
			sourceTree = "<group>";
		};
		66F32FDA26F85C7600AE9E6F /* ServiceManager */ = {
			isa = PBXGroup;
			children = (
				66F3307526FCDE1500AE9E6F /* UIImageLoader.swift */,
				66F32FDC26F85CBE00AE9E6F /* APIFetcher.swift */,
			);
			path = ServiceManager;
			sourceTree = "<group>";
		};
		66F32FED26F8809200AE9E6F /* Cells */ = {
			isa = PBXGroup;
			children = (
				66F32FEE26F880E500AE9E6F /* LargeRecipeCollectionViewCell.swift */,
				66F32FEF26F880E500AE9E6F /* LargeRecipeCollectionViewCell.xib */,
				66F32FF126F880E500AE9E6F /* RecipeCollectionViewCell.swift */,
				66F32FF026F880E500AE9E6F /* RecipeCollectionViewCell.xib */,
				66F330B527016D2F00AE9E6F /* FilterCollectionViewCell.swift */,
				66F330B427016D2F00AE9E6F /* FilterCollectionViewCell.xib */,
				66F330B227016D2F00AE9E6F /* SelectedFilterCollectionViewCell.swift */,
				66F330B327016D2F00AE9E6F /* SelectedFilterCollectionViewCell.xib */,
				66F3310527036D7200AE9E6F /* RecipeDetailCollectionViewCell.swift */,
				66F3310627036D7200AE9E6F /* RecipeDetailCollectionViewCell.xib */,
			);
			path = Cells;
			sourceTree = "<group>";
		};
		66F32FF726F8874800AE9E6F /* Headers */ = {
			isa = PBXGroup;
			children = (
				66F32FF926F8875D00AE9E6F /* HomeScreenReusableHeader.swift */,
				66F32FFB26F8875D00AE9E6F /* HomeScreenReusableHeader.xib */,
				66F330BC27016D3A00AE9E6F /* SearchScreenReusableHeader.swift */,
				66F330BB27016D3A00AE9E6F /* SearchScreenReusableHeader.xib */,
				66F330F5270348C100AE9E6F /* IngredientSectionReusableHeader.swift */,
				66F330F6270348C100AE9E6F /* IngredientSectionReusableHeader.xib */,
				66F3310A270374A500AE9E6F /* NutrientSectionReusableHeader.swift */,
				66F3310B270374A500AE9E6F /* NutrientSectionReusableHeader.xib */,
			);
			path = Headers;
			sourceTree = "<group>";
		};
		66F3300226F975A500AE9E6F /* Extensions */ = {
			isa = PBXGroup;
			children = (
				66EFEA69270A961600954CA9 /* UIViewController+.swift */,
				66F3300326F9762700AE9E6F /* UISearchBar+.swift */,
				66F3301126F9922400AE9E6F /* UICollectionView+.swift */,
				66F3307226FCDDE700AE9E6F /* UIImage+.swift */,
				66F3308926FDB95500AE9E6F /* UIScrollView+.swift */,
				66F330AD2700C33E00AE9E6F /* UIColor+.swift */,
			);
			path = Extensions;
			sourceTree = "<group>";
		};
		66F3300826F977C000AE9E6F /* Others */ = {
			isa = PBXGroup;
			children = (
				66F3300926F977DC00AE9E6F /* PinkSearchBar.swift */,
			);
			path = Others;
			sourceTree = "<group>";
		};
		66F3300C26F984DD00AE9E6F /* Protocols */ = {
			isa = PBXGroup;
			children = (
				66F3300D26F984FE00AE9E6F /* ReusableViewProtocol.swift */,
				66F3302E26FA208F00AE9E6F /* RecipeConfigurableCell+Protocol.swift */,
				66F3308226FD6BF400AE9E6F /* HomeScreenReusableHeaderDelegate.swift */,
				66F330C62701A1C600AE9E6F /* SelectedFilterCollectionViewCellDelegate.swift */,
			);
			path = Protocols;
			sourceTree = "<group>";
		};
		66F3301D26F9DB4400AE9E6F /* Others */ = {
			isa = PBXGroup;
			children = (
				66F3301F26F9DB5500AE9E6F /* BaseComponentProvider.swift */,
			);
			path = Others;
			sourceTree = "<group>";
		};
		66F3309026FE139600AE9E6F /* Footers */ = {
			isa = PBXGroup;
			children = (
				66F3309226FE143E00AE9E6F /* LoadingReusableFooter.swift */,
				66F3309326FE143E00AE9E6F /* LoadingReusableFooter.xib */,
			);
			path = Footers;
			sourceTree = "<group>";
		};
		66F330C127016D9700AE9E6F /* Others */ = {
			isa = PBXGroup;
			children = (
				66F3302B26FA006F00AE9E6F /* HomeScreenSection.swift */,
				66F330C227016DAD00AE9E6F /* SearchScreenSection.swift */,
			);
			path = Others;
			sourceTree = "<group>";
		};
/* End PBXGroup section */

/* Begin PBXNativeTarget section */
		6682EFFA26EF363F008264AF /* Recipe Search */ = {
			isa = PBXNativeTarget;
			buildConfigurationList = 6682F01226EF3644008264AF /* Build configuration list for PBXNativeTarget "Recipe Search" */;
			buildPhases = (
				6682EFF726EF363F008264AF /* Sources */,
				6682EFF826EF363F008264AF /* Frameworks */,
				6682EFF926EF363F008264AF /* Resources */,
				6682F01626EF3670008264AF /* Run Swift Lint */,
			);
			buildRules = (
			);
			dependencies = (
			);
			name = "Recipe Search";
			productName = "Recipe Search";
			productReference = 6682EFFB26EF363F008264AF /* Recipe Search.app */;
			productType = "com.apple.product-type.application";
		};
/* End PBXNativeTarget section */

/* Begin PBXProject section */
		6682EFF326EF363F008264AF /* Project object */ = {
			isa = PBXProject;
			attributes = {
				LastSwiftUpdateCheck = 1240;
				LastUpgradeCheck = 1240;
				TargetAttributes = {
					6682EFFA26EF363F008264AF = {
						CreatedOnToolsVersion = 12.4;
					};
				};
			};
			buildConfigurationList = 6682EFF626EF363F008264AF /* Build configuration list for PBXProject "Recipe Search" */;
			compatibilityVersion = "Xcode 9.3";
			developmentRegion = en;
			hasScannedForEncodings = 0;
			knownRegions = (
				en,
				Base,
			);
			mainGroup = 6682EFF226EF363F008264AF;
			productRefGroup = 6682EFFC26EF363F008264AF /* Products */;
			projectDirPath = "";
			projectRoot = "";
			targets = (
				6682EFFA26EF363F008264AF /* Recipe Search */,
			);
		};
/* End PBXProject section */

/* Begin PBXResourcesBuildPhase section */
		6682EFF926EF363F008264AF /* Resources */ = {
			isa = PBXResourcesBuildPhase;
			buildActionMask = 2147483647;
			files = (
				66F3309526FE143E00AE9E6F /* LoadingReusableFooter.xib in Resources */,
				66F32FFF26F8875D00AE9E6F /* HomeScreenReusableHeader.xib in Resources */,
				66F32FF426F880E500AE9E6F /* RecipeCollectionViewCell.xib in Resources */,
				66F330BD27016D3A00AE9E6F /* SearchScreenReusableHeader.xib in Resources */,
				66F330B727016D2F00AE9E6F /* SelectedFilterCollectionViewCell.xib in Resources */,
				66F3310827036D7300AE9E6F /* RecipeDetailCollectionViewCell.xib in Resources */,
				66F330F8270348C100AE9E6F /* IngredientSectionReusableHeader.xib in Resources */,
				66F3310D270374A600AE9E6F /* NutrientSectionReusableHeader.xib in Resources */,
				66F330B827016D2F00AE9E6F /* FilterCollectionViewCell.xib in Resources */,
				66F32FF326F880E500AE9E6F /* LargeRecipeCollectionViewCell.xib in Resources */,
				6682F00E26EF3644008264AF /* LaunchScreen.storyboard in Resources */,
				6682F00B26EF3644008264AF /* Assets.xcassets in Resources */,
				6682F00626EF363F008264AF /* Main.storyboard in Resources */,
			);
			runOnlyForDeploymentPostprocessing = 0;
		};
/* End PBXResourcesBuildPhase section */

/* Begin PBXShellScriptBuildPhase section */
		6682F01626EF3670008264AF /* Run Swift Lint */ = {
			isa = PBXShellScriptBuildPhase;
			buildActionMask = 2147483647;
			files = (
			);
			inputFileListPaths = (
			);
			inputPaths = (
			);
			name = "Run Swift Lint";
			outputFileListPaths = (
			);
			outputPaths = (
			);
			runOnlyForDeploymentPostprocessing = 0;
			shellPath = /bin/sh;
			shellScript = "if which swiftlint >/dev/null; then\n  swiftlint\nelse\n  echo \"warning: SwiftLint not installed, download from https://github.com/realm/SwiftLint\"\nfi\n";
		};
/* End PBXShellScriptBuildPhase section */

/* Begin PBXSourcesBuildPhase section */
		6682EFF726EF363F008264AF /* Sources */ = {
			isa = PBXSourcesBuildPhase;
			buildActionMask = 2147483647;
			files = (
				66F3310C270374A600AE9E6F /* NutrientSectionReusableHeader.swift in Sources */,
				66F32FF526F880E500AE9E6F /* RecipeCollectionViewCell.swift in Sources */,
				66F3300A26F977DC00AE9E6F /* PinkSearchBar.swift in Sources */,
				66F3308626FD6F7E00AE9E6F /* ResultViewController.swift in Sources */,
				6682F02626EF4B00008264AF /* AppDelegate.swift in Sources */,
				66F3307F26FD64FE00AE9E6F /* SearchViewController.swift in Sources */,
				6682F00326EF363F008264AF /* HomeViewController.swift in Sources */,
				6682F06826F04CF3008264AF /* Nutrient.swift in Sources */,
				66F3302C26FA006F00AE9E6F /* HomeScreenSection.swift in Sources */,
				66F330BE27016D3A00AE9E6F /* SearchScreenReusableHeader.swift in Sources */,
				66F3300E26F984FE00AE9E6F /* ReusableViewProtocol.swift in Sources */,
				6682F06926F04CF3008264AF /* RecipeResponse.swift in Sources */,
				66F330C327016DAD00AE9E6F /* SearchScreenSection.swift in Sources */,
				66F3308326FD6BF400AE9E6F /* HomeScreenReusableHeaderDelegate.swift in Sources */,
				66EFEA6A270A961600954CA9 /* UIViewController+.swift in Sources */,
				66F3301A26F9DAFE00AE9E6F /* ImageRequest.swift in Sources */,
				66F32FFD26F8875D00AE9E6F /* HomeScreenReusableHeader.swift in Sources */,
				66F3302F26FA208F00AE9E6F /* RecipeConfigurableCell+Protocol.swift in Sources */,
				66F330B627016D2F00AE9E6F /* SelectedFilterCollectionViewCell.swift in Sources */,
				66F3308A26FDB95600AE9E6F /* UIScrollView+.swift in Sources */,
				66F3310727036D7200AE9E6F /* RecipeDetailCollectionViewCell.swift in Sources */,
				66F3307626FCDE1500AE9E6F /* UIImageLoader.swift in Sources */,
				66F32FDD26F85CBE00AE9E6F /* APIFetcher.swift in Sources */,
				66EFEA4927070C6B00954CA9 /* CoreDataManager.swift in Sources */,
				66F32FE126F85CE000AE9E6F /* APIRequestProtocol.swift in Sources */,
				6682F02526EF4B00008264AF /* SceneDelegate.swift in Sources */,
				6682F06726F04CF3008264AF /* Recipe.swift in Sources */,
				66EFEA5D270A8DC900954CA9 /* RecipeSearch.xcdatamodeld in Sources */,
				6682F05326F03670008264AF /* FavoriteViewController.swift in Sources */,
				66F3309426FE143E00AE9E6F /* LoadingReusableFooter.swift in Sources */,
				66F32FF226F880E500AE9E6F /* LargeRecipeCollectionViewCell.swift in Sources */,
				66F3302126F9DB5500AE9E6F /* BaseComponentProvider.swift in Sources */,
				66F330B927016D2F00AE9E6F /* FilterCollectionViewCell.swift in Sources */,
				66F3307C26FD5F3A00AE9E6F /* RecipeDetailViewController.swift in Sources */,
				66F330AE2700C33E00AE9E6F /* UIColor+.swift in Sources */,
				66F3302426F9DB9500AE9E6F /* Categories.swift in Sources */,
				66F3300426F9762700AE9E6F /* UISearchBar+.swift in Sources */,
				66F3307326FCDDE700AE9E6F /* UIImage+.swift in Sources */,
				66F330F7270348C100AE9E6F /* IngredientSectionReusableHeader.swift in Sources */,
				66F3301B26F9DAFE00AE9E6F /* RecipeRequest.swift in Sources */,
				66F330C72701A1C700AE9E6F /* SelectedFilterCollectionViewCellDelegate.swift in Sources */,
				66F3301226F9922400AE9E6F /* UICollectionView+.swift in Sources */,
			);
			runOnlyForDeploymentPostprocessing = 0;
		};
/* End PBXSourcesBuildPhase section */

/* Begin PBXVariantGroup section */
		6682F00426EF363F008264AF /* Main.storyboard */ = {
			isa = PBXVariantGroup;
			children = (
				6682F00526EF363F008264AF /* Base */,
			);
			name = Main.storyboard;
			sourceTree = "<group>";
		};
		6682F00C26EF3644008264AF /* LaunchScreen.storyboard */ = {
			isa = PBXVariantGroup;
			children = (
				6682F00D26EF3644008264AF /* Base */,
			);
			name = LaunchScreen.storyboard;
			sourceTree = "<group>";
		};
/* End PBXVariantGroup section */

/* Begin XCBuildConfiguration section */
		6682F01026EF3644008264AF /* Debug */ = {
			isa = XCBuildConfiguration;
			baseConfigurationReference = 66F3303226FC194700AE9E6F /* APIConfig.xcconfig */;
			buildSettings = {
				ALWAYS_SEARCH_USER_PATHS = NO;
				CLANG_ANALYZER_NONNULL = YES;
				CLANG_ANALYZER_NUMBER_OBJECT_CONVERSION = YES_AGGRESSIVE;
				CLANG_CXX_LANGUAGE_STANDARD = "gnu++14";
				CLANG_CXX_LIBRARY = "libc++";
				CLANG_ENABLE_MODULES = YES;
				CLANG_ENABLE_OBJC_ARC = YES;
				CLANG_ENABLE_OBJC_WEAK = YES;
				CLANG_WARN_BLOCK_CAPTURE_AUTORELEASING = YES;
				CLANG_WARN_BOOL_CONVERSION = YES;
				CLANG_WARN_COMMA = YES;
				CLANG_WARN_CONSTANT_CONVERSION = YES;
				CLANG_WARN_DEPRECATED_OBJC_IMPLEMENTATIONS = YES;
				CLANG_WARN_DIRECT_OBJC_ISA_USAGE = YES_ERROR;
				CLANG_WARN_DOCUMENTATION_COMMENTS = YES;
				CLANG_WARN_EMPTY_BODY = YES;
				CLANG_WARN_ENUM_CONVERSION = YES;
				CLANG_WARN_INFINITE_RECURSION = YES;
				CLANG_WARN_INT_CONVERSION = YES;
				CLANG_WARN_NON_LITERAL_NULL_CONVERSION = YES;
				CLANG_WARN_OBJC_IMPLICIT_RETAIN_SELF = YES;
				CLANG_WARN_OBJC_LITERAL_CONVERSION = YES;
				CLANG_WARN_OBJC_ROOT_CLASS = YES_ERROR;
				CLANG_WARN_QUOTED_INCLUDE_IN_FRAMEWORK_HEADER = YES;
				CLANG_WARN_RANGE_LOOP_ANALYSIS = YES;
				CLANG_WARN_STRICT_PROTOTYPES = YES;
				CLANG_WARN_SUSPICIOUS_MOVE = YES;
				CLANG_WARN_UNGUARDED_AVAILABILITY = YES_AGGRESSIVE;
				CLANG_WARN_UNREACHABLE_CODE = YES;
				CLANG_WARN__DUPLICATE_METHOD_MATCH = YES;
				COPY_PHASE_STRIP = NO;
				DEBUG_INFORMATION_FORMAT = dwarf;
				ENABLE_STRICT_OBJC_MSGSEND = YES;
				ENABLE_TESTABILITY = YES;
				GCC_C_LANGUAGE_STANDARD = gnu11;
				GCC_DYNAMIC_NO_PIC = NO;
				GCC_NO_COMMON_BLOCKS = YES;
				GCC_OPTIMIZATION_LEVEL = 0;
				GCC_PREPROCESSOR_DEFINITIONS = (
					"DEBUG=1",
					"$(inherited)",
				);
				GCC_WARN_64_TO_32_BIT_CONVERSION = YES;
				GCC_WARN_ABOUT_RETURN_TYPE = YES_ERROR;
				GCC_WARN_UNDECLARED_SELECTOR = YES;
				GCC_WARN_UNINITIALIZED_AUTOS = YES_AGGRESSIVE;
				GCC_WARN_UNUSED_FUNCTION = YES;
				GCC_WARN_UNUSED_VARIABLE = YES;
				IPHONEOS_DEPLOYMENT_TARGET = 14.4;
				MTL_ENABLE_DEBUG_INFO = INCLUDE_SOURCE;
				MTL_FAST_MATH = YES;
				ONLY_ACTIVE_ARCH = YES;
				SDKROOT = iphoneos;
				SWIFT_ACTIVE_COMPILATION_CONDITIONS = DEBUG;
				SWIFT_OPTIMIZATION_LEVEL = "-Onone";
			};
			name = Debug;
		};
		6682F01126EF3644008264AF /* Release */ = {
			isa = XCBuildConfiguration;
			baseConfigurationReference = 66F3303226FC194700AE9E6F /* APIConfig.xcconfig */;
			buildSettings = {
				ALWAYS_SEARCH_USER_PATHS = NO;
				CLANG_ANALYZER_NONNULL = YES;
				CLANG_ANALYZER_NUMBER_OBJECT_CONVERSION = YES_AGGRESSIVE;
				CLANG_CXX_LANGUAGE_STANDARD = "gnu++14";
				CLANG_CXX_LIBRARY = "libc++";
				CLANG_ENABLE_MODULES = YES;
				CLANG_ENABLE_OBJC_ARC = YES;
				CLANG_ENABLE_OBJC_WEAK = YES;
				CLANG_WARN_BLOCK_CAPTURE_AUTORELEASING = YES;
				CLANG_WARN_BOOL_CONVERSION = YES;
				CLANG_WARN_COMMA = YES;
				CLANG_WARN_CONSTANT_CONVERSION = YES;
				CLANG_WARN_DEPRECATED_OBJC_IMPLEMENTATIONS = YES;
				CLANG_WARN_DIRECT_OBJC_ISA_USAGE = YES_ERROR;
				CLANG_WARN_DOCUMENTATION_COMMENTS = YES;
				CLANG_WARN_EMPTY_BODY = YES;
				CLANG_WARN_ENUM_CONVERSION = YES;
				CLANG_WARN_INFINITE_RECURSION = YES;
				CLANG_WARN_INT_CONVERSION = YES;
				CLANG_WARN_NON_LITERAL_NULL_CONVERSION = YES;
				CLANG_WARN_OBJC_IMPLICIT_RETAIN_SELF = YES;
				CLANG_WARN_OBJC_LITERAL_CONVERSION = YES;
				CLANG_WARN_OBJC_ROOT_CLASS = YES_ERROR;
				CLANG_WARN_QUOTED_INCLUDE_IN_FRAMEWORK_HEADER = YES;
				CLANG_WARN_RANGE_LOOP_ANALYSIS = YES;
				CLANG_WARN_STRICT_PROTOTYPES = YES;
				CLANG_WARN_SUSPICIOUS_MOVE = YES;
				CLANG_WARN_UNGUARDED_AVAILABILITY = YES_AGGRESSIVE;
				CLANG_WARN_UNREACHABLE_CODE = YES;
				CLANG_WARN__DUPLICATE_METHOD_MATCH = YES;
				COPY_PHASE_STRIP = NO;
				DEBUG_INFORMATION_FORMAT = "dwarf-with-dsym";
				ENABLE_NS_ASSERTIONS = NO;
				ENABLE_STRICT_OBJC_MSGSEND = YES;
				GCC_C_LANGUAGE_STANDARD = gnu11;
				GCC_NO_COMMON_BLOCKS = YES;
				GCC_WARN_64_TO_32_BIT_CONVERSION = YES;
				GCC_WARN_ABOUT_RETURN_TYPE = YES_ERROR;
				GCC_WARN_UNDECLARED_SELECTOR = YES;
				GCC_WARN_UNINITIALIZED_AUTOS = YES_AGGRESSIVE;
				GCC_WARN_UNUSED_FUNCTION = YES;
				GCC_WARN_UNUSED_VARIABLE = YES;
				IPHONEOS_DEPLOYMENT_TARGET = 14.4;
				MTL_ENABLE_DEBUG_INFO = NO;
				MTL_FAST_MATH = YES;
				SDKROOT = iphoneos;
				SWIFT_COMPILATION_MODE = wholemodule;
				SWIFT_OPTIMIZATION_LEVEL = "-O";
				VALIDATE_PRODUCT = YES;
			};
			name = Release;
		};
		6682F01326EF3644008264AF /* Debug */ = {
			isa = XCBuildConfiguration;
			buildSettings = {
				ASSETCATALOG_COMPILER_APPICON_NAME = AppIcon;
				ASSETCATALOG_COMPILER_GLOBAL_ACCENT_COLOR_NAME = AccentColor;
				CODE_SIGN_STYLE = Automatic;
				DEVELOPMENT_TEAM = 7F5BKMZCJF;
				INFOPLIST_FILE = "Recipe Search/Supporting Files/Info.plist";
				LD_RUNPATH_SEARCH_PATHS = (
					"$(inherited)",
					"@executable_path/Frameworks",
				);
				PRODUCT_BUNDLE_IDENTIFIER = "com.chulan.Recipe-Search";
				PRODUCT_NAME = "$(TARGET_NAME)";
				SWIFT_VERSION = 5.0;
				TARGETED_DEVICE_FAMILY = "1,2";
			};
			name = Debug;
		};
		6682F01426EF3644008264AF /* Release */ = {
			isa = XCBuildConfiguration;
			buildSettings = {
				ASSETCATALOG_COMPILER_APPICON_NAME = AppIcon;
				ASSETCATALOG_COMPILER_GLOBAL_ACCENT_COLOR_NAME = AccentColor;
				CODE_SIGN_STYLE = Automatic;
				DEVELOPMENT_TEAM = 7F5BKMZCJF;
				INFOPLIST_FILE = "Recipe Search/Supporting Files/Info.plist";
				LD_RUNPATH_SEARCH_PATHS = (
					"$(inherited)",
					"@executable_path/Frameworks",
				);
				PRODUCT_BUNDLE_IDENTIFIER = "com.chulan.Recipe-Search";
				PRODUCT_NAME = "$(TARGET_NAME)";
				SWIFT_VERSION = 5.0;
				TARGETED_DEVICE_FAMILY = "1,2";
			};
			name = Release;
		};
/* End XCBuildConfiguration section */

/* Begin XCConfigurationList section */
		6682EFF626EF363F008264AF /* Build configuration list for PBXProject "Recipe Search" */ = {
			isa = XCConfigurationList;
			buildConfigurations = (
				6682F01026EF3644008264AF /* Debug */,
				6682F01126EF3644008264AF /* Release */,
			);
			defaultConfigurationIsVisible = 0;
			defaultConfigurationName = Release;
		};
		6682F01226EF3644008264AF /* Build configuration list for PBXNativeTarget "Recipe Search" */ = {
			isa = XCConfigurationList;
			buildConfigurations = (
				6682F01326EF3644008264AF /* Debug */,
				6682F01426EF3644008264AF /* Release */,
			);
			defaultConfigurationIsVisible = 0;
			defaultConfigurationName = Release;
		};
/* End XCConfigurationList section */

/* Begin XCVersionGroup section */
		66EFEA5B270A8DC900954CA9 /* RecipeSearch.xcdatamodeld */ = {
			isa = XCVersionGroup;
			children = (
				66EFEA5C270A8DC900954CA9 /* RecipeSearch.xcdatamodel */,
			);
			currentVersion = 66EFEA5C270A8DC900954CA9 /* RecipeSearch.xcdatamodel */;
			path = RecipeSearch.xcdatamodeld;
			sourceTree = "<group>";
			versionGroupType = wrapper.xcdatamodel;
		};
/* End XCVersionGroup section */
	};
	rootObject = 6682EFF326EF363F008264AF /* Project object */;
}
